// !$*UTF8*$!
{
	archiveVersion = 1;
	classes = {
	};
	objectVersion = 50;
	objects = {

/* Begin PBXBuildFile section */
		D074BC8B208CBCC7005BC117 /* AppDelegate.swift in Sources */ = {isa = PBXBuildFile; fileRef = D074BC8A208CBCC7005BC117 /* AppDelegate.swift */; };
		D074BC8D208CBCC7005BC117 /* ViewController.swift in Sources */ = {isa = PBXBuildFile; fileRef = D074BC8C208CBCC7005BC117 /* ViewController.swift */; };
		D074BC90208CBCC7005BC117 /* Main.storyboard in Resources */ = {isa = PBXBuildFile; fileRef = D074BC8E208CBCC7005BC117 /* Main.storyboard */; };
		D074BC92208CBCC9005BC117 /* Assets.xcassets in Resources */ = {isa = PBXBuildFile; fileRef = D074BC91208CBCC9005BC117 /* Assets.xcassets */; };
		D074BC95208CBCC9005BC117 /* LaunchScreen.storyboard in Resources */ = {isa = PBXBuildFile; fileRef = D074BC93208CBCC9005BC117 /* LaunchScreen.storyboard */; };
/* End PBXBuildFile section */

/* Begin PBXFileReference section */
		D074BC87208CBCC7005BC117 /* NavigationSwipeCustom.app */ = {isa = PBXFileReference; explicitFileType = wrapper.application; includeInIndex = 0; path = NavigationSwipeCustom.app; sourceTree = BUILT_PRODUCTS_DIR; };
		D074BC8A208CBCC7005BC117 /* AppDelegate.swift */ = {isa = PBXFileReference; lastKnownFileType = sourcecode.swift; path = AppDelegate.swift; sourceTree = "<group>"; };
		D074BC8C208CBCC7005BC117 /* ViewController.swift */ = {isa = PBXFileReference; lastKnownFileType = sourcecode.swift; path = ViewController.swift; sourceTree = "<group>"; };
		D074BC8F208CBCC7005BC117 /* Base */ = {isa = PBXFileReference; lastKnownFileType = file.storyboard; name = Base; path = Base.lproj/Main.storyboard; sourceTree = "<group>"; };
		D074BC91208CBCC9005BC117 /* Assets.xcassets */ = {isa = PBXFileReference; lastKnownFileType = folder.assetcatalog; path = Assets.xcassets; sourceTree = "<group>"; };
		D074BC94208CBCC9005BC117 /* Base */ = {isa = PBXFileReference; lastKnownFileType = file.storyboard; name = Base; path = Base.lproj/LaunchScreen.storyboard; sourceTree = "<group>"; };
		D074BC96208CBCC9005BC117 /* Info.plist */ = {isa = PBXFileReference; lastKnownFileType = text.plist.xml; path = Info.plist; sourceTree = "<group>"; };
/* End PBXFileReference section */

/* Begin PBXFrameworksBuildPhase section */
		D074BC84208CBCC7005BC117 /* Frameworks */ = {
			isa = PBXFrameworksBuildPhase;
			buildActionMask = 2147483647;
			files = (
			);
			runOnlyForDeploymentPostprocessing = 0;
		};
/* End PBXFrameworksBuildPhase section */

/* Begin PBXGroup section */
		D074BC7E208CBCC7005BC117 = {
			isa = PBXGroup;
			children = (
				D074BC89208CBCC7005BC117 /* NavigationSwipeCustom */,
				D074BC88208CBCC7005BC117 /* Products */,
			);
			sourceTree = "<group>";
		};
		D074BC88208CBCC7005BC117 /* Products */ = {
			isa = PBXGroup;
			children = (
				D074BC87208CBCC7005BC117 /* NavigationSwipeCustom.app */,
			);
			name = Products;
			sourceTree = "<group>";
		};
		D074BC89208CBCC7005BC117 /* NavigationSwipeCustom */ = {
			isa = PBXGroup;
			children = (
				D074BC8A208CBCC7005BC117 /* AppDelegate.swift */,
				D074BC8C208CBCC7005BC117 /* ViewController.swift */,
				D074BC8E208CBCC7005BC117 /* Main.storyboard */,
				D074BC91208CBCC9005BC117 /* Assets.xcassets */,
				D074BC93208CBCC9005BC117 /* LaunchScreen.storyboard */,
				D074BC96208CBCC9005BC117 /* Info.plist */,
			);
			path = NavigationSwipeCustom;
			sourceTree = "<group>";
		};
/* End PBXGroup section */

/* Begin PBXNativeTarget section */
		D074BC86208CBCC7005BC117 /* NavigationSwipeCustom */ = {
			isa = PBXNativeTarget;
			buildConfigurationList = D074BC99208CBCC9005BC117 /* Build configuration list for PBXNativeTarget "NavigationSwipeCustom" */;
			buildPhases = (
				D074BC83208CBCC7005BC117 /* Sources */,
				D074BC84208CBCC7005BC117 /* Frameworks */,
				D074BC85208CBCC7005BC117 /* Resources */,
			);
			buildRules = (
			);
			dependencies = (
			);
			name = NavigationSwipeCustom;
			productName = NavigationSwipeCustom;
			productReference = D074BC87208CBCC7005BC117 /* NavigationSwipeCustom.app */;
			productType = "com.apple.product-type.application";
		};
/* End PBXNativeTarget section */

/* Begin PBXProject section */
		D074BC7F208CBCC7005BC117 /* Project object */ = {
			isa = PBXProject;
			attributes = {
				LastSwiftUpdateCheck = 0930;
				LastUpgradeCheck = 0930;
				ORGANIZATIONNAME = "Masters Mx";
				TargetAttributes = {
					D074BC86208CBCC7005BC117 = {
						CreatedOnToolsVersion = 9.3;
					};
				};
			};
			buildConfigurationList = D074BC82208CBCC7005BC117 /* Build configuration list for PBXProject "NavigationSwipeCustom" */;
			compatibilityVersion = "Xcode 9.3";
			developmentRegion = en;
			hasScannedForEncodings = 0;
			knownRegions = (
				en,
				Base,
			);
			mainGroup = D074BC7E208CBCC7005BC117;
			productRefGroup = D074BC88208CBCC7005BC117 /* Products */;
			projectDirPath = "";
			projectRoot = "";
			targets = (
				D074BC86208CBCC7005BC117 /* NavigationSwipeCustom */,
			);
		};
/* End PBXProject section */

/* Begin PBXResourcesBuildPhase section */
		D074BC85208CBCC7005BC117 /* Resources */ = {
			isa = PBXResourcesBuildPhase;
			buildActionMask = 2147483647;
			files = (
				D074BC95208CBCC9005BC117 /* LaunchScreen.storyboard in Resources */,
				D074BC92208CBCC9005BC117 /* Assets.xcassets in Resources */,
				D074BC90208CBCC7005BC117 /* Main.storyboard in Resources */,
			);
			runOnlyForDeploymentPostprocessing = 0;
		};
/* End PBXResourcesBuildPhase section */

/* Begin PBXSourcesBuildPhase section */
		D074BC83208CBCC7005BC117 /* Sources */ = {
			isa = PBXSourcesBuildPhase;
			buildActionMask = 2147483647;
			files = (
				D074BC8D208CBCC7005BC117 /* ViewController.swift in Sources */,
				D074BC8B208CBCC7005BC117 /* AppDelegate.swift in Sources */,
			);
			runOnlyForDeploymentPostprocessing = 0;
		};
/* End PBXSourcesBuildPhase section */

/* Begin PBXVariantGroup section */
		D074BC8E208CBCC7005BC117 /* Main.storyboard */ = {
			isa = PBXVariantGroup;
			children = (
				D074BC8F208CBCC7005BC117 /* Base */,
			);
			name = Main.storyboard;
			sourceTree = "<group>";
		};
		D074BC93208CBCC9005BC117 /* LaunchScreen.storyboard */ = {
			isa = PBXVariantGroup;
			children = (
				D074BC94208CBCC9005BC117 /* Base */,
			);
			name = LaunchScreen.storyboard;
			sourceTree = "<group>";
		};
/* End PBXVariantGroup section */

/* Begin XCBuildConfiguration section */
		D074BC97208CBCC9005BC117 /* Debug */ = {
			isa = XCBuildConfiguration;
			buildSettings = {
				ALWAYS_SEARCH_USER_PATHS = NO;
				CLANG_ANALYZER_NONNULL = YES;
				CLANG_ANALYZER_NUMBER_OBJECT_CONVERSION = YES_AGGRESSIVE;
				CLANG_CXX_LANGUAGE_STANDARD = "gnu++14";
				CLANG_CXX_LIBRARY = "libc++";
				CLANG_ENABLE_MODULES = YES;
				CLANG_ENABLE_OBJC_ARC = YES;
				CLANG_ENABLE_OBJC_WEAK = YES;
				CLANG_WARN_BLOCK_CAPTURE_AUTORELEASING = YES;
				CLANG_WARN_BOOL_CONVERSION = YES;
				CLANG_WARN_COMMA = YES;
				CLANG_WARN_CONSTANT_CONVERSION = YES;
				CLANG_WARN_DEPRECATED_OBJC_IMPLEMENTATIONS = YES;
				CLANG_WARN_DIRECT_OBJC_ISA_USAGE = YES_ERROR;
				CLANG_WARN_DOCUMENTATION_COMMENTS = YES;
				CLANG_WARN_EMPTY_BODY = YES;
				CLANG_WARN_ENUM_CONVERSION = YES;
				CLANG_WARN_INFINITE_RECURSION = YES;
				CLANG_WARN_INT_CONVERSION = YES;
				CLANG_WARN_NON_LITERAL_NULL_CONVERSION = YES;
				CLANG_WARN_OBJC_IMPLICIT_RETAIN_SELF = YES;
				CLANG_WARN_OBJC_LITERAL_CONVERSION = YES;
				CLANG_WARN_OBJC_ROOT_CLASS = YES_ERROR;
				CLANG_WARN_RANGE_LOOP_ANALYSIS = YES;
				CLANG_WARN_STRICT_PROTOTYPES = YES;
				CLANG_WARN_SUSPICIOUS_MOVE = YES;
				CLANG_WARN_UNGUARDED_AVAILABILITY = YES_AGGRESSIVE;
				CLANG_WARN_UNREACHABLE_CODE = YES;
				CLANG_WARN__DUPLICATE_METHOD_MATCH = YES;
				CODE_SIGN_IDENTITY = "iPhone Developer";
				COPY_PHASE_STRIP = NO;
				DEBUG_INFORMATION_FORMAT = dwarf;
				ENABLE_STRICT_OBJC_MSGSEND = YES;
				ENABLE_TESTABILITY = YES;
				GCC_C_LANGUAGE_STANDARD = gnu11;
				GCC_DYNAMIC_NO_PIC = NO;
				GCC_NO_COMMON_BLOCKS = YES;
				GCC_OPTIMIZATION_LEVEL = 0;
				GCC_PREPROCESSOR_DEFINITIONS = (
					"DEBUG=1",
					"$(inherited)",
				);
				GCC_WARN_64_TO_32_BIT_CONVERSION = YES;
				GCC_WARN_ABOUT_RETURN_TYPE = YES_ERROR;
				GCC_WARN_UNDECLARED_SELECTOR = YES;
				GCC_WARN_UNINITIALIZED_AUTOS = YES_AGGRESSIVE;
				GCC_WARN_UNUSED_FUNCTION = YES;
				GCC_WARN_UNUSED_VARIABLE = YES;
				IPHONEOS_DEPLOYMENT_TARGET = 11.3;
				MTL_ENABLE_DEBUG_INFO = YES;
				ONLY_ACTIVE_ARCH = YES;
				SDKROOT = iphoneos;
				SWIFT_ACTIVE_COMPILATION_CONDITIONS = DEBUG;
				SWIFT_OPTIMIZATION_LEVEL = "-Onone";
			};
			name = Debug;
		};
		D074BC98208CBCC9005BC117 /* Release */ = {
			isa = XCBuildConfiguration;
			buildSettings = {
				ALWAYS_SEARCH_USER_PATHS = NO;
				CLANG_ANALYZER_NONNULL = YES;
				CLANG_ANALYZER_NUMBER_OBJECT_CONVERSION = YES_AGGRESSIVE;
				CLANG_CXX_LANGUAGE_STANDARD = "gnu++14";
				CLANG_CXX_LIBRARY = "libc++";
				CLANG_ENABLE_MODULES = YES;
				CLANG_ENABLE_OBJC_ARC = YES;
				CLANG_ENABLE_OBJC_WEAK = YES;
				CLANG_WARN_BLOCK_CAPTURE_AUTORELEASING = YES;
				CLANG_WARN_BOOL_CONVERSION = YES;
				CLANG_WARN_COMMA = YES;
				CLANG_WARN_CONSTANT_CONVERSION = YES;
				CLANG_WARN_DEPRECATED_OBJC_IMPLEMENTATIONS = YES;
				CLANG_WARN_DIRECT_OBJC_ISA_USAGE = YES_ERROR;
				CLANG_WARN_DOCUMENTATION_COMMENTS = YES;
				CLANG_WARN_EMPTY_BODY = YES;
				CLANG_WARN_ENUM_CONVERSION = YES;
				CLANG_WARN_INFINITE_RECURSION = YES;
				CLANG_WARN_INT_CONVERSION = YES;
				CLANG_WARN_NON_LITERAL_NULL_CONVERSION = YES;
				CLANG_WARN_OBJC_IMPLICIT_RETAIN_SELF = YES;
				CLANG_WARN_OBJC_LITERAL_CONVERSION = YES;
				CLANG_WARN_OBJC_ROOT_CLASS = YES_ERROR;
				CLANG_WARN_RANGE_LOOP_ANALYSIS = YES;
				CLANG_WARN_STRICT_PROTOTYPES = YES;
				CLANG_WARN_SUSPICIOUS_MOVE = YES;
				CLANG_WARN_UNGUARDED_AVAILABILITY = YES_AGGRESSIVE;
				CLANG_WARN_UNREACHABLE_CODE = YES;
				CLANG_WARN__DUPLICATE_METHOD_MATCH = YES;
				CODE_SIGN_IDENTITY = "iPhone Developer";
				COPY_PHASE_STRIP = NO;
				DEBUG_INFORMATION_FORMAT = "dwarf-with-dsym";
				ENABLE_NS_ASSERTIONS = NO;
				ENABLE_STRICT_OBJC_MSGSEND = YES;
				GCC_C_LANGUAGE_STANDARD = gnu11;
				GCC_NO_COMMON_BLOCKS = YES;
				GCC_WARN_64_TO_32_BIT_CONVERSION = YES;
				GCC_WARN_ABOUT_RETURN_TYPE = YES_ERROR;
				GCC_WARN_UNDECLARED_SELECTOR = YES;
				GCC_WARN_UNINITIALIZED_AUTOS = YES_AGGRESSIVE;
				GCC_WARN_UNUSED_FUNCTION = YES;
				GCC_WARN_UNUSED_VARIABLE = YES;
				IPHONEOS_DEPLOYMENT_TARGET = 11.3;
				MTL_ENABLE_DEBUG_INFO = NO;
				SDKROOT = iphoneos;
				SWIFT_COMPILATION_MODE = wholemodule;
				SWIFT_OPTIMIZATION_LEVEL = "-O";
				VALIDATE_PRODUCT = YES;
			};
			name = Release;
		};
		D074BC9A208CBCC9005BC117 /* Debug */ = {
			isa = XCBuildConfiguration;
			buildSettings = {
				ASSETCATALOG_COMPILER_APPICON_NAME = AppIcon;
				CODE_SIGN_STYLE = Automatic;
				DEVELOPMENT_TEAM = 2L8WPWWVB6;
				INFOPLIST_FILE = NavigationSwipeCustom/Info.plist;
				LD_RUNPATH_SEARCH_PATHS = (
					"$(inherited)",
					"@executable_path/Frameworks",
				);
				PRODUCT_BUNDLE_IDENTIFIER = com.mastersmx.NavigationSwipeCustom;
				PRODUCT_NAME = "$(TARGET_NAME)";
				SWIFT_VERSION = 4.0;
				TARGETED_DEVICE_FAMILY = "1,2";
			};
			name = Debug;
		};
		D074BC9B208CBCC9005BC117 /* Release */ = {
			isa = XCBuildConfiguration;
			buildSettings = {
				ASSETCATALOG_COMPILER_APPICON_NAME = AppIcon;
				CODE_SIGN_STYLE = Automatic;
				DEVELOPMENT_TEAM = 2L8WPWWVB6;
				INFOPLIST_FILE = NavigationSwipeCustom/Info.plist;
				LD_RUNPATH_SEARCH_PATHS = (
					"$(inherited)",
					"@executable_path/Frameworks",
				);
				PRODUCT_BUNDLE_IDENTIFIER = com.mastersmx.NavigationSwipeCustom;
				PRODUCT_NAME = "$(TARGET_NAME)";
				SWIFT_VERSION = 4.0;
				TARGETED_DEVICE_FAMILY = "1,2";
			};
			name = Release;
		};
/* End XCBuildConfiguration section */

/* Begin XCConfigurationList section */
		D074BC82208CBCC7005BC117 /* Build configuration list for PBXProject "NavigationSwipeCustom" */ = {
			isa = XCConfigurationList;
			buildConfigurations = (
				D074BC97208CBCC9005BC117 /* Debug */,
				D074BC98208CBCC9005BC117 /* Release */,
			);
			defaultConfigurationIsVisible = 0;
			defaultConfigurationName = Release;
		};
		D074BC99208CBCC9005BC117 /* Build configuration list for PBXNativeTarget "NavigationSwipeCustom" */ = {
			isa = XCConfigurationList;
			buildConfigurations = (
				D074BC9A208CBCC9005BC117 /* Debug */,
				D074BC9B208CBCC9005BC117 /* Release */,
			);
			defaultConfigurationIsVisible = 0;
			defaultConfigurationName = Release;
		};
/* End XCConfigurationList section */
	};
	rootObject = D074BC7F208CBCC7005BC117 /* Project object */;
}
